
Microsoft Visual Studio Solution File, Format Version 12.00
# Visual Studio 15
VisualStudioVersion = 15.0.28010.2050
MinimumVisualStudioVersion = 10.0.40219.1
Project("{8BC9CEB8-8B4A-11D0-8D11-00A0C91BC942}") = "顺序表类模板", "顺序表类模板\顺序表类模板.vcxproj", "{C94D352C-9C18-4972-871F-6521C84449C6}"
EndProject
Global
	GlobalSection(SolutionConfigurationPlatforms) = preSolution
		Debug|x64 = Debug|x64
		Debug|x86 = Debug|x86
		Release|x64 = Release|x64
		Release|x86 = Release|x86
	EndGlobalSection
	GlobalSection(ProjectConfigurationPlatforms) = postSolution
		{C94D352C-9C18-4972-871F-6521C84449C6}.Debug|x64.ActiveCfg = Debug|x64
		{C94D352C-9C18-4972-871F-6521C84449C6}.Debug|x64.Build.0 = Debug|x64
		{C94D352C-9C18-4972-871F-6521C84449C6}.Debug|x86.ActiveCfg = Debug|Win32
		{C94D352C-9C18-4972-871F-6521C84449C6}.Debug|x86.Build.0 = Debug|Win32
		{C94D352C-9C18-4972-871F-6521C84449C6}.Release|x64.ActiveCfg = Release|x64
		{C94D352C-9C18-4972-871F-6521C84449C6}.Release|x64.Build.0 = Release|x64
		{C94D352C-9C18-4972-871F-6521C84449C6}.Release|x86.ActiveCfg = Release|Win32
		{C94D352C-9C18-4972-871F-6521C84449C6}.Release|x86.Build.0 = Release|Win32
	EndGlobalSection
	GlobalSection(SolutionProperties) = preSolution
		HideSolutionNode = FALSE
	EndGlobalSection
	GlobalSection(ExtensibilityGlobals) = postSolution
		SolutionGuid = {5354661E-7FD8-4EE7-8882-D3A42AC771E6}
	EndGlobalSection
EndGlobal
