
Microsoft Visual Studio Solution File, Format Version 12.00
# Visual Studio 15
VisualStudioVersion = 15.0.28010.2050
MinimumVisualStudioVersion = 10.0.40219.1
Project("{8BC9CEB8-8B4A-11D0-8D11-00A0C91BC942}") = "内存管理", "内存管理\内存管理.vcxproj", "{27A3A999-0390-4A9D-9435-139B38135D4D}"
EndProject
Global
	GlobalSection(SolutionConfigurationPlatforms) = preSolution
		Debug|x64 = Debug|x64
		Debug|x86 = Debug|x86
		Release|x64 = Release|x64
		Release|x86 = Release|x86
	EndGlobalSection
	GlobalSection(ProjectConfigurationPlatforms) = postSolution
		{27A3A999-0390-4A9D-9435-139B38135D4D}.Debug|x64.ActiveCfg = Debug|x64
		{27A3A999-0390-4A9D-9435-139B38135D4D}.Debug|x64.Build.0 = Debug|x64
		{27A3A999-0390-4A9D-9435-139B38135D4D}.Debug|x86.ActiveCfg = Debug|Win32
		{27A3A999-0390-4A9D-9435-139B38135D4D}.Debug|x86.Build.0 = Debug|Win32
		{27A3A999-0390-4A9D-9435-139B38135D4D}.Release|x64.ActiveCfg = Release|x64
		{27A3A999-0390-4A9D-9435-139B38135D4D}.Release|x64.Build.0 = Release|x64
		{27A3A999-0390-4A9D-9435-139B38135D4D}.Release|x86.ActiveCfg = Release|Win32
		{27A3A999-0390-4A9D-9435-139B38135D4D}.Release|x86.Build.0 = Release|Win32
	EndGlobalSection
	GlobalSection(SolutionProperties) = preSolution
		HideSolutionNode = FALSE
	EndGlobalSection
	GlobalSection(ExtensibilityGlobals) = postSolution
		SolutionGuid = {38358D31-F9D8-4FDB-AF53-E8C5DB70D4E4}
	EndGlobalSection
EndGlobal
