
Microsoft Visual Studio Solution File, Format Version 12.00
# Visual Studio 15
VisualStudioVersion = 15.0.28010.2050
MinimumVisualStudioVersion = 10.0.40219.1
Project("{8BC9CEB8-8B4A-11D0-8D11-00A0C91BC942}") = "test_11.20", "test_11.20\test_11.20.vcxproj", "{0598BA6C-1CF5-4FF5-B25D-1D2F6F76E5E2}"
EndProject
Global
	GlobalSection(SolutionConfigurationPlatforms) = preSolution
		Debug|x64 = Debug|x64
		Debug|x86 = Debug|x86
		Release|x64 = Release|x64
		Release|x86 = Release|x86
	EndGlobalSection
	GlobalSection(ProjectConfigurationPlatforms) = postSolution
		{0598BA6C-1CF5-4FF5-B25D-1D2F6F76E5E2}.Debug|x64.ActiveCfg = Debug|x64
		{0598BA6C-1CF5-4FF5-B25D-1D2F6F76E5E2}.Debug|x64.Build.0 = Debug|x64
		{0598BA6C-1CF5-4FF5-B25D-1D2F6F76E5E2}.Debug|x86.ActiveCfg = Debug|Win32
		{0598BA6C-1CF5-4FF5-B25D-1D2F6F76E5E2}.Debug|x86.Build.0 = Debug|Win32
		{0598BA6C-1CF5-4FF5-B25D-1D2F6F76E5E2}.Release|x64.ActiveCfg = Release|x64
		{0598BA6C-1CF5-4FF5-B25D-1D2F6F76E5E2}.Release|x64.Build.0 = Release|x64
		{0598BA6C-1CF5-4FF5-B25D-1D2F6F76E5E2}.Release|x86.ActiveCfg = Release|Win32
		{0598BA6C-1CF5-4FF5-B25D-1D2F6F76E5E2}.Release|x86.Build.0 = Release|Win32
	EndGlobalSection
	GlobalSection(SolutionProperties) = preSolution
		HideSolutionNode = FALSE
	EndGlobalSection
	GlobalSection(ExtensibilityGlobals) = postSolution
		SolutionGuid = {C5C3FAA1-0156-4AAC-87DB-E3B3EF509A59}
	EndGlobalSection
EndGlobal
