
Microsoft Visual Studio Solution File, Format Version 12.00
# Visual Studio 15
VisualStudioVersion = 15.0.28010.2050
MinimumVisualStudioVersion = 10.0.40219.1
Project("{8BC9CEB8-8B4A-11D0-8D11-00A0C91BC942}") = "通讯录管理", "通讯录管理\通讯录管理.vcxproj", "{5A1C05DE-B3B2-4DED-A942-2ED611CE1673}"
EndProject
Global
	GlobalSection(SolutionConfigurationPlatforms) = preSolution
		Debug|x64 = Debug|x64
		Debug|x86 = Debug|x86
		Release|x64 = Release|x64
		Release|x86 = Release|x86
	EndGlobalSection
	GlobalSection(ProjectConfigurationPlatforms) = postSolution
		{5A1C05DE-B3B2-4DED-A942-2ED611CE1673}.Debug|x64.ActiveCfg = Debug|x64
		{5A1C05DE-B3B2-4DED-A942-2ED611CE1673}.Debug|x64.Build.0 = Debug|x64
		{5A1C05DE-B3B2-4DED-A942-2ED611CE1673}.Debug|x86.ActiveCfg = Debug|Win32
		{5A1C05DE-B3B2-4DED-A942-2ED611CE1673}.Debug|x86.Build.0 = Debug|Win32
		{5A1C05DE-B3B2-4DED-A942-2ED611CE1673}.Release|x64.ActiveCfg = Release|x64
		{5A1C05DE-B3B2-4DED-A942-2ED611CE1673}.Release|x64.Build.0 = Release|x64
		{5A1C05DE-B3B2-4DED-A942-2ED611CE1673}.Release|x86.ActiveCfg = Release|Win32
		{5A1C05DE-B3B2-4DED-A942-2ED611CE1673}.Release|x86.Build.0 = Release|Win32
	EndGlobalSection
	GlobalSection(SolutionProperties) = preSolution
		HideSolutionNode = FALSE
	EndGlobalSection
	GlobalSection(ExtensibilityGlobals) = postSolution
		SolutionGuid = {BBF4DC11-94BC-4C6B-9598-A15BFE23CABC}
	EndGlobalSection
EndGlobal
