
Microsoft Visual Studio Solution File, Format Version 12.00
# Visual Studio 15
VisualStudioVersion = 15.0.28010.2050
MinimumVisualStudioVersion = 10.0.40219.1
Project("{8BC9CEB8-8B4A-11D0-8D11-00A0C91BC942}") = "19.2.25", "19.2.25\19.2.25.vcxproj", "{663F1387-BCCC-4C8A-825D-DB47934E1E3F}"
EndProject
Global
	GlobalSection(SolutionConfigurationPlatforms) = preSolution
		Debug|x64 = Debug|x64
		Debug|x86 = Debug|x86
		Release|x64 = Release|x64
		Release|x86 = Release|x86
	EndGlobalSection
	GlobalSection(ProjectConfigurationPlatforms) = postSolution
		{663F1387-BCCC-4C8A-825D-DB47934E1E3F}.Debug|x64.ActiveCfg = Debug|x64
		{663F1387-BCCC-4C8A-825D-DB47934E1E3F}.Debug|x64.Build.0 = Debug|x64
		{663F1387-BCCC-4C8A-825D-DB47934E1E3F}.Debug|x86.ActiveCfg = Debug|Win32
		{663F1387-BCCC-4C8A-825D-DB47934E1E3F}.Debug|x86.Build.0 = Debug|Win32
		{663F1387-BCCC-4C8A-825D-DB47934E1E3F}.Release|x64.ActiveCfg = Release|x64
		{663F1387-BCCC-4C8A-825D-DB47934E1E3F}.Release|x64.Build.0 = Release|x64
		{663F1387-BCCC-4C8A-825D-DB47934E1E3F}.Release|x86.ActiveCfg = Release|Win32
		{663F1387-BCCC-4C8A-825D-DB47934E1E3F}.Release|x86.Build.0 = Release|Win32
	EndGlobalSection
	GlobalSection(SolutionProperties) = preSolution
		HideSolutionNode = FALSE
	EndGlobalSection
	GlobalSection(ExtensibilityGlobals) = postSolution
		SolutionGuid = {57666514-2F56-4C29-9AA4-A1673B62AAD0}
	EndGlobalSection
EndGlobal
