
Microsoft Visual Studio Solution File, Format Version 12.00
# Visual Studio 15
VisualStudioVersion = 15.0.28010.2050
MinimumVisualStudioVersion = 10.0.40219.1
Project("{8BC9CEB8-8B4A-11D0-8D11-00A0C91BC942}") = "19.1.25链式队列", "19.1.25链式队列\19.1.25链式队列.vcxproj", "{0D3E4922-A89F-4DA0-B025-F07CA8B70D4F}"
EndProject
Global
	GlobalSection(SolutionConfigurationPlatforms) = preSolution
		Debug|x64 = Debug|x64
		Debug|x86 = Debug|x86
		Release|x64 = Release|x64
		Release|x86 = Release|x86
	EndGlobalSection
	GlobalSection(ProjectConfigurationPlatforms) = postSolution
		{0D3E4922-A89F-4DA0-B025-F07CA8B70D4F}.Debug|x64.ActiveCfg = Debug|x64
		{0D3E4922-A89F-4DA0-B025-F07CA8B70D4F}.Debug|x64.Build.0 = Debug|x64
		{0D3E4922-A89F-4DA0-B025-F07CA8B70D4F}.Debug|x86.ActiveCfg = Debug|Win32
		{0D3E4922-A89F-4DA0-B025-F07CA8B70D4F}.Debug|x86.Build.0 = Debug|Win32
		{0D3E4922-A89F-4DA0-B025-F07CA8B70D4F}.Release|x64.ActiveCfg = Release|x64
		{0D3E4922-A89F-4DA0-B025-F07CA8B70D4F}.Release|x64.Build.0 = Release|x64
		{0D3E4922-A89F-4DA0-B025-F07CA8B70D4F}.Release|x86.ActiveCfg = Release|Win32
		{0D3E4922-A89F-4DA0-B025-F07CA8B70D4F}.Release|x86.Build.0 = Release|Win32
	EndGlobalSection
	GlobalSection(SolutionProperties) = preSolution
		HideSolutionNode = FALSE
	EndGlobalSection
	GlobalSection(ExtensibilityGlobals) = postSolution
		SolutionGuid = {247DC7CF-A50F-468A-8658-0EBA5333DB44}
	EndGlobalSection
EndGlobal
