
Microsoft Visual Studio Solution File, Format Version 12.00
# Visual Studio 15
VisualStudioVersion = 15.0.28010.2050
MinimumVisualStudioVersion = 10.0.40219.1
Project("{8BC9CEB8-8B4A-11D0-8D11-00A0C91BC942}") = "2018.12.12", "2018.12.12\2018.12.12.vcxproj", "{52EB6865-9D94-4BE2-A3CE-B3965317E5A1}"
EndProject
Global
	GlobalSection(SolutionConfigurationPlatforms) = preSolution
		Debug|x64 = Debug|x64
		Debug|x86 = Debug|x86
		Release|x64 = Release|x64
		Release|x86 = Release|x86
	EndGlobalSection
	GlobalSection(ProjectConfigurationPlatforms) = postSolution
		{52EB6865-9D94-4BE2-A3CE-B3965317E5A1}.Debug|x64.ActiveCfg = Debug|x64
		{52EB6865-9D94-4BE2-A3CE-B3965317E5A1}.Debug|x64.Build.0 = Debug|x64
		{52EB6865-9D94-4BE2-A3CE-B3965317E5A1}.Debug|x86.ActiveCfg = Debug|Win32
		{52EB6865-9D94-4BE2-A3CE-B3965317E5A1}.Debug|x86.Build.0 = Debug|Win32
		{52EB6865-9D94-4BE2-A3CE-B3965317E5A1}.Release|x64.ActiveCfg = Release|x64
		{52EB6865-9D94-4BE2-A3CE-B3965317E5A1}.Release|x64.Build.0 = Release|x64
		{52EB6865-9D94-4BE2-A3CE-B3965317E5A1}.Release|x86.ActiveCfg = Release|Win32
		{52EB6865-9D94-4BE2-A3CE-B3965317E5A1}.Release|x86.Build.0 = Release|Win32
	EndGlobalSection
	GlobalSection(SolutionProperties) = preSolution
		HideSolutionNode = FALSE
	EndGlobalSection
	GlobalSection(ExtensibilityGlobals) = postSolution
		SolutionGuid = {61A0C7CF-BB47-4A72-BB2C-1DD3EA5C0D85}
	EndGlobalSection
EndGlobal
