
Microsoft Visual Studio Solution File, Format Version 12.00
# Visual Studio 15
VisualStudioVersion = 15.0.28010.2050
MinimumVisualStudioVersion = 10.0.40219.1
Project("{8BC9CEB8-8B4A-11D0-8D11-00A0C91BC942}") = "栈", "栈\栈.vcxproj", "{0954E478-47C6-4E42-AA9A-8534BF2F49E0}"
EndProject
Global
	GlobalSection(SolutionConfigurationPlatforms) = preSolution
		Debug|x64 = Debug|x64
		Debug|x86 = Debug|x86
		Release|x64 = Release|x64
		Release|x86 = Release|x86
	EndGlobalSection
	GlobalSection(ProjectConfigurationPlatforms) = postSolution
		{0954E478-47C6-4E42-AA9A-8534BF2F49E0}.Debug|x64.ActiveCfg = Debug|x64
		{0954E478-47C6-4E42-AA9A-8534BF2F49E0}.Debug|x64.Build.0 = Debug|x64
		{0954E478-47C6-4E42-AA9A-8534BF2F49E0}.Debug|x86.ActiveCfg = Debug|Win32
		{0954E478-47C6-4E42-AA9A-8534BF2F49E0}.Debug|x86.Build.0 = Debug|Win32
		{0954E478-47C6-4E42-AA9A-8534BF2F49E0}.Release|x64.ActiveCfg = Release|x64
		{0954E478-47C6-4E42-AA9A-8534BF2F49E0}.Release|x64.Build.0 = Release|x64
		{0954E478-47C6-4E42-AA9A-8534BF2F49E0}.Release|x86.ActiveCfg = Release|Win32
		{0954E478-47C6-4E42-AA9A-8534BF2F49E0}.Release|x86.Build.0 = Release|Win32
	EndGlobalSection
	GlobalSection(SolutionProperties) = preSolution
		HideSolutionNode = FALSE
	EndGlobalSection
	GlobalSection(ExtensibilityGlobals) = postSolution
		SolutionGuid = {C0C83362-482D-4D43-BF8A-9328EF9C2C93}
	EndGlobalSection
EndGlobal
