
Microsoft Visual Studio Solution File, Format Version 12.00
# Visual Studio 15
VisualStudioVersion = 15.0.28010.2050
MinimumVisualStudioVersion = 10.0.40219.1
Project("{8BC9CEB8-8B4A-11D0-8D11-00A0C91BC942}") = "19.1.19双向循环链表", "19.1.19双向循环链表\19.1.19双向循环链表.vcxproj", "{B18C61DA-F8F8-4FB2-8D8F-744EED1176E8}"
EndProject
Global
	GlobalSection(SolutionConfigurationPlatforms) = preSolution
		Debug|x64 = Debug|x64
		Debug|x86 = Debug|x86
		Release|x64 = Release|x64
		Release|x86 = Release|x86
	EndGlobalSection
	GlobalSection(ProjectConfigurationPlatforms) = postSolution
		{B18C61DA-F8F8-4FB2-8D8F-744EED1176E8}.Debug|x64.ActiveCfg = Debug|x64
		{B18C61DA-F8F8-4FB2-8D8F-744EED1176E8}.Debug|x64.Build.0 = Debug|x64
		{B18C61DA-F8F8-4FB2-8D8F-744EED1176E8}.Debug|x86.ActiveCfg = Debug|Win32
		{B18C61DA-F8F8-4FB2-8D8F-744EED1176E8}.Debug|x86.Build.0 = Debug|Win32
		{B18C61DA-F8F8-4FB2-8D8F-744EED1176E8}.Release|x64.ActiveCfg = Release|x64
		{B18C61DA-F8F8-4FB2-8D8F-744EED1176E8}.Release|x64.Build.0 = Release|x64
		{B18C61DA-F8F8-4FB2-8D8F-744EED1176E8}.Release|x86.ActiveCfg = Release|Win32
		{B18C61DA-F8F8-4FB2-8D8F-744EED1176E8}.Release|x86.Build.0 = Release|Win32
	EndGlobalSection
	GlobalSection(SolutionProperties) = preSolution
		HideSolutionNode = FALSE
	EndGlobalSection
	GlobalSection(ExtensibilityGlobals) = postSolution
		SolutionGuid = {1204AE83-46D4-4A0D-BB3A-CEA310D61EF6}
	EndGlobalSection
EndGlobal
